
Microsoft Visual Studio Solution File, Format Version 12.00
# Visual Studio Version 16
VisualStudioVersion = 16.0.28803.156
MinimumVisualStudioVersion = 10.0.40219.1
Project("{FAE04EC0-301F-11D3-BF4B-00C04F79EFBC}") = "Swimmer", "Swimmer\Swimmer.csproj", "{A30274C9-D783-4620-AE69-B188FF3A35F9}"
EndProject
Global
	GlobalSection(SolutionConfigurationPlatforms) = preSolution
		Debug|Any CPU = Debug|Any CPU
		Release|Any CPU = Release|Any CPU
	EndGlobalSection
	GlobalSection(ProjectConfigurationPlatforms) = postSolution
		{A30274C9-D783-4620-AE69-B188FF3A35F9}.Debug|Any CPU.ActiveCfg = Debug|Any CPU
		{A30274C9-D783-4620-AE69-B188FF3A35F9}.Debug|Any CPU.Build.0 = Debug|Any CPU
		{A30274C9-D783-4620-AE69-B188FF3A35F9}.Release|Any CPU.ActiveCfg = Release|Any CPU
		{A30274C9-D783-4620-AE69-B188FF3A35F9}.Release|Any CPU.Build.0 = Release|Any CPU
	EndGlobalSection
	GlobalSection(SolutionProperties) = preSolution
		HideSolutionNode = FALSE
	EndGlobalSection
	GlobalSection(ExtensibilityGlobals) = postSolution
		SolutionGuid = {D1592842-4851-498A-A8E8-EB3DA05DA8AF}
	EndGlobalSection
EndGlobal
